// !$*UTF8*$!
{
	archiveVersion = 1;
	classes = {
	};
	objectVersion = 46;
	objects = {

/* Begin PBXBuildFile section */
		151997A81BF9431D00D7A5AD /* AppDelegate.swift in Sources */ = {isa = PBXBuildFile; fileRef = 151997A71BF9431D00D7A5AD /* AppDelegate.swift */; };
		151997AA1BF9431D00D7A5AD /* ViewController.swift in Sources */ = {isa = PBXBuildFile; fileRef = 151997A91BF9431D00D7A5AD /* ViewController.swift */; };
		151997AD1BF9431D00D7A5AD /* Main.storyboard in Resources */ = {isa = PBXBuildFile; fileRef = 151997AB1BF9431D00D7A5AD /* Main.storyboard */; };
		151997B01BF9431D00D7A5AD /* SwiftyPushNotifications.xcdatamodeld in Sources */ = {isa = PBXBuildFile; fileRef = 151997AE1BF9431D00D7A5AD /* SwiftyPushNotifications.xcdatamodeld */; };
		151997B21BF9431D00D7A5AD /* Assets.xcassets in Resources */ = {isa = PBXBuildFile; fileRef = 151997B11BF9431D00D7A5AD /* Assets.xcassets */; };
		151997B51BF9431D00D7A5AD /* LaunchScreen.storyboard in Resources */ = {isa = PBXBuildFile; fileRef = 151997B31BF9431D00D7A5AD /* LaunchScreen.storyboard */; };
		151997C01BF9431D00D7A5AD /* SwiftyPushNotificationsTests.swift in Sources */ = {isa = PBXBuildFile; fileRef = 151997BF1BF9431D00D7A5AD /* SwiftyPushNotificationsTests.swift */; };
		151997CB1BF9431D00D7A5AD /* SwiftyPushNotificationsUITests.swift in Sources */ = {isa = PBXBuildFile; fileRef = 151997CA1BF9431D00D7A5AD /* SwiftyPushNotificationsUITests.swift */; };
/* End PBXBuildFile section */

/* Begin PBXContainerItemProxy section */
		151997BC1BF9431D00D7A5AD /* PBXContainerItemProxy */ = {
			isa = PBXContainerItemProxy;
			containerPortal = 1519979C1BF9431D00D7A5AD /* Project object */;
			proxyType = 1;
			remoteGlobalIDString = 151997A31BF9431D00D7A5AD;
			remoteInfo = SwiftyPushNotifications;
		};
		151997C71BF9431D00D7A5AD /* PBXContainerItemProxy */ = {
			isa = PBXContainerItemProxy;
			containerPortal = 1519979C1BF9431D00D7A5AD /* Project object */;
			proxyType = 1;
			remoteGlobalIDString = 151997A31BF9431D00D7A5AD;
			remoteInfo = SwiftyPushNotifications;
		};
/* End PBXContainerItemProxy section */

/* Begin PBXFileReference section */
		151997A41BF9431D00D7A5AD /* SwiftyPushNotifications.app */ = {isa = PBXFileReference; explicitFileType = wrapper.application; includeInIndex = 0; path = SwiftyPushNotifications.app; sourceTree = BUILT_PRODUCTS_DIR; };
		151997A71BF9431D00D7A5AD /* AppDelegate.swift */ = {isa = PBXFileReference; lastKnownFileType = sourcecode.swift; path = AppDelegate.swift; sourceTree = "<group>"; };
		151997A91BF9431D00D7A5AD /* ViewController.swift */ = {isa = PBXFileReference; lastKnownFileType = sourcecode.swift; path = ViewController.swift; sourceTree = "<group>"; };
		151997AC1BF9431D00D7A5AD /* Base */ = {isa = PBXFileReference; lastKnownFileType = file.storyboard; name = Base; path = Base.lproj/Main.storyboard; sourceTree = "<group>"; };
		151997AF1BF9431D00D7A5AD /* SwiftyPushNotifications.xcdatamodel */ = {isa = PBXFileReference; lastKnownFileType = wrapper.xcdatamodel; path = SwiftyPushNotifications.xcdatamodel; sourceTree = "<group>"; };
		151997B11BF9431D00D7A5AD /* Assets.xcassets */ = {isa = PBXFileReference; lastKnownFileType = folder.assetcatalog; path = Assets.xcassets; sourceTree = "<group>"; };
		151997B41BF9431D00D7A5AD /* Base */ = {isa = PBXFileReference; lastKnownFileType = file.storyboard; name = Base; path = Base.lproj/LaunchScreen.storyboard; sourceTree = "<group>"; };
		151997B61BF9431D00D7A5AD /* Info.plist */ = {isa = PBXFileReference; lastKnownFileType = text.plist.xml; path = Info.plist; sourceTree = "<group>"; };
		151997BB1BF9431D00D7A5AD /* SwiftyPushNotificationsTests.xctest */ = {isa = PBXFileReference; explicitFileType = wrapper.cfbundle; includeInIndex = 0; path = SwiftyPushNotificationsTests.xctest; sourceTree = BUILT_PRODUCTS_DIR; };
		151997BF1BF9431D00D7A5AD /* SwiftyPushNotificationsTests.swift */ = {isa = PBXFileReference; lastKnownFileType = sourcecode.swift; path = SwiftyPushNotificationsTests.swift; sourceTree = "<group>"; };
		151997C11BF9431D00D7A5AD /* Info.plist */ = {isa = PBXFileReference; lastKnownFileType = text.plist.xml; path = Info.plist; sourceTree = "<group>"; };
		151997C61BF9431D00D7A5AD /* SwiftyPushNotificationsUITests.xctest */ = {isa = PBXFileReference; explicitFileType = wrapper.cfbundle; includeInIndex = 0; path = SwiftyPushNotificationsUITests.xctest; sourceTree = BUILT_PRODUCTS_DIR; };
		151997CA1BF9431D00D7A5AD /* SwiftyPushNotificationsUITests.swift */ = {isa = PBXFileReference; lastKnownFileType = sourcecode.swift; path = SwiftyPushNotificationsUITests.swift; sourceTree = "<group>"; };
		151997CC1BF9431D00D7A5AD /* Info.plist */ = {isa = PBXFileReference; lastKnownFileType = text.plist.xml; path = Info.plist; sourceTree = "<group>"; };
/* End PBXFileReference section */

/* Begin PBXFrameworksBuildPhase section */
		151997A11BF9431D00D7A5AD /* Frameworks */ = {
			isa = PBXFrameworksBuildPhase;
			buildActionMask = 2147483647;
			files = (
			);
			runOnlyForDeploymentPostprocessing = 0;
		};
		151997B81BF9431D00D7A5AD /* Frameworks */ = {
			isa = PBXFrameworksBuildPhase;
			buildActionMask = 2147483647;
			files = (
			);
			runOnlyForDeploymentPostprocessing = 0;
		};
		151997C31BF9431D00D7A5AD /* Frameworks */ = {
			isa = PBXFrameworksBuildPhase;
			buildActionMask = 2147483647;
			files = (
			);
			runOnlyForDeploymentPostprocessing = 0;
		};
/* End PBXFrameworksBuildPhase section */

/* Begin PBXGroup section */
		1519979B1BF9431D00D7A5AD = {
			isa = PBXGroup;
			children = (
				151997A61BF9431D00D7A5AD /* SwiftyPushNotifications */,
				151997BE1BF9431D00D7A5AD /* SwiftyPushNotificationsTests */,
				151997C91BF9431D00D7A5AD /* SwiftyPushNotificationsUITests */,
				151997A51BF9431D00D7A5AD /* Products */,
			);
			sourceTree = "<group>";
		};
		151997A51BF9431D00D7A5AD /* Products */ = {
			isa = PBXGroup;
			children = (
				151997A41BF9431D00D7A5AD /* SwiftyPushNotifications.app */,
				151997BB1BF9431D00D7A5AD /* SwiftyPushNotificationsTests.xctest */,
				151997C61BF9431D00D7A5AD /* SwiftyPushNotificationsUITests.xctest */,
			);
			name = Products;
			sourceTree = "<group>";
		};
		151997A61BF9431D00D7A5AD /* SwiftyPushNotifications */ = {
			isa = PBXGroup;
			children = (
				151997A71BF9431D00D7A5AD /* AppDelegate.swift */,
				151997A91BF9431D00D7A5AD /* ViewController.swift */,
				151997AB1BF9431D00D7A5AD /* Main.storyboard */,
				151997B11BF9431D00D7A5AD /* Assets.xcassets */,
				151997B31BF9431D00D7A5AD /* LaunchScreen.storyboard */,
				151997B61BF9431D00D7A5AD /* Info.plist */,
				151997AE1BF9431D00D7A5AD /* SwiftyPushNotifications.xcdatamodeld */,
			);
			path = SwiftyPushNotifications;
			sourceTree = "<group>";
		};
		151997BE1BF9431D00D7A5AD /* SwiftyPushNotificationsTests */ = {
			isa = PBXGroup;
			children = (
				151997BF1BF9431D00D7A5AD /* SwiftyPushNotificationsTests.swift */,
				151997C11BF9431D00D7A5AD /* Info.plist */,
			);
			path = SwiftyPushNotificationsTests;
			sourceTree = "<group>";
		};
		151997C91BF9431D00D7A5AD /* SwiftyPushNotificationsUITests */ = {
			isa = PBXGroup;
			children = (
				151997CA1BF9431D00D7A5AD /* SwiftyPushNotificationsUITests.swift */,
				151997CC1BF9431D00D7A5AD /* Info.plist */,
			);
			path = SwiftyPushNotificationsUITests;
			sourceTree = "<group>";
		};
/* End PBXGroup section */

/* Begin PBXNativeTarget section */
		151997A31BF9431D00D7A5AD /* SwiftyPushNotifications */ = {
			isa = PBXNativeTarget;
			buildConfigurationList = 151997CF1BF9431D00D7A5AD /* Build configuration list for PBXNativeTarget "SwiftyPushNotifications" */;
			buildPhases = (
				151997A01BF9431D00D7A5AD /* Sources */,
				151997A11BF9431D00D7A5AD /* Frameworks */,
				151997A21BF9431D00D7A5AD /* Resources */,
			);
			buildRules = (
			);
			dependencies = (
			);
			name = SwiftyPushNotifications;
			productName = SwiftyPushNotifications;
			productReference = 151997A41BF9431D00D7A5AD /* SwiftyPushNotifications.app */;
			productType = "com.apple.product-type.application";
		};
		151997BA1BF9431D00D7A5AD /* SwiftyPushNotificationsTests */ = {
			isa = PBXNativeTarget;
			buildConfigurationList = 151997D21BF9431D00D7A5AD /* Build configuration list for PBXNativeTarget "SwiftyPushNotificationsTests" */;
			buildPhases = (
				151997B71BF9431D00D7A5AD /* Sources */,
				151997B81BF9431D00D7A5AD /* Frameworks */,
				151997B91BF9431D00D7A5AD /* Resources */,
			);
			buildRules = (
			);
			dependencies = (
				151997BD1BF9431D00D7A5AD /* PBXTargetDependency */,
			);
			name = SwiftyPushNotificationsTests;
			productName = SwiftyPushNotificationsTests;
			productReference = 151997BB1BF9431D00D7A5AD /* SwiftyPushNotificationsTests.xctest */;
			productType = "com.apple.product-type.bundle.unit-test";
		};
		151997C51BF9431D00D7A5AD /* SwiftyPushNotificationsUITests */ = {
			isa = PBXNativeTarget;
			buildConfigurationList = 151997D51BF9431D00D7A5AD /* Build configuration list for PBXNativeTarget "SwiftyPushNotificationsUITests" */;
			buildPhases = (
				151997C21BF9431D00D7A5AD /* Sources */,
				151997C31BF9431D00D7A5AD /* Frameworks */,
				151997C41BF9431D00D7A5AD /* Resources */,
			);
			buildRules = (
			);
			dependencies = (
				151997C81BF9431D00D7A5AD /* PBXTargetDependency */,
			);
			name = SwiftyPushNotificationsUITests;
			productName = SwiftyPushNotificationsUITests;
			productReference = 151997C61BF9431D00D7A5AD /* SwiftyPushNotificationsUITests.xctest */;
			productType = "com.apple.product-type.bundle.ui-testing";
		};
/* End PBXNativeTarget section */

/* Begin PBXProject section */
		1519979C1BF9431D00D7A5AD /* Project object */ = {
			isa = PBXProject;
			attributes = {
				LastSwiftUpdateCheck = 0710;
				LastUpgradeCheck = 0710;
				ORGANIZATIONNAME = "Sugam Kalra";
				TargetAttributes = {
					151997A31BF9431D00D7A5AD = {
						CreatedOnToolsVersion = 7.1;
					};
					151997BA1BF9431D00D7A5AD = {
						CreatedOnToolsVersion = 7.1;
						TestTargetID = 151997A31BF9431D00D7A5AD;
					};
					151997C51BF9431D00D7A5AD = {
						CreatedOnToolsVersion = 7.1;
						TestTargetID = 151997A31BF9431D00D7A5AD;
					};
				};
			};
			buildConfigurationList = 1519979F1BF9431D00D7A5AD /* Build configuration list for PBXProject "SwiftyPushNotifications" */;
			compatibilityVersion = "Xcode 3.2";
			developmentRegion = English;
			hasScannedForEncodings = 0;
			knownRegions = (
				en,
				Base,
			);
			mainGroup = 1519979B1BF9431D00D7A5AD;
			productRefGroup = 151997A51BF9431D00D7A5AD /* Products */;
			projectDirPath = "";
			projectRoot = "";
			targets = (
				151997A31BF9431D00D7A5AD /* SwiftyPushNotifications */,
				151997BA1BF9431D00D7A5AD /* SwiftyPushNotificationsTests */,
				151997C51BF9431D00D7A5AD /* SwiftyPushNotificationsUITests */,
			);
		};
/* End PBXProject section */

/* Begin PBXResourcesBuildPhase section */
		151997A21BF9431D00D7A5AD /* Resources */ = {
			isa = PBXResourcesBuildPhase;
			buildActionMask = 2147483647;
			files = (
				151997B51BF9431D00D7A5AD /* LaunchScreen.storyboard in Resources */,
				151997B21BF9431D00D7A5AD /* Assets.xcassets in Resources */,
				151997AD1BF9431D00D7A5AD /* Main.storyboard in Resources */,
			);
			runOnlyForDeploymentPostprocessing = 0;
		};
		151997B91BF9431D00D7A5AD /* Resources */ = {
			isa = PBXResourcesBuildPhase;
			buildActionMask = 2147483647;
			files = (
			);
			runOnlyForDeploymentPostprocessing = 0;
		};
		151997C41BF9431D00D7A5AD /* Resources */ = {
			isa = PBXResourcesBuildPhase;
			buildActionMask = 2147483647;
			files = (
			);
			runOnlyForDeploymentPostprocessing = 0;
		};
/* End PBXResourcesBuildPhase section */

/* Begin PBXSourcesBuildPhase section */
		151997A01BF9431D00D7A5AD /* Sources */ = {
			isa = PBXSourcesBuildPhase;
			buildActionMask = 2147483647;
			files = (
				151997AA1BF9431D00D7A5AD /* ViewController.swift in Sources */,
				151997B01BF9431D00D7A5AD /* SwiftyPushNotifications.xcdatamodeld in Sources */,
				151997A81BF9431D00D7A5AD /* AppDelegate.swift in Sources */,
			);
			runOnlyForDeploymentPostprocessing = 0;
		};
		151997B71BF9431D00D7A5AD /* Sources */ = {
			isa = PBXSourcesBuildPhase;
			buildActionMask = 2147483647;
			files = (
				151997C01BF9431D00D7A5AD /* SwiftyPushNotificationsTests.swift in Sources */,
			);
			runOnlyForDeploymentPostprocessing = 0;
		};
		151997C21BF9431D00D7A5AD /* Sources */ = {
			isa = PBXSourcesBuildPhase;
			buildActionMask = 2147483647;
			files = (
				151997CB1BF9431D00D7A5AD /* SwiftyPushNotificationsUITests.swift in Sources */,
			);
			runOnlyForDeploymentPostprocessing = 0;
		};
/* End PBXSourcesBuildPhase section */

/* Begin PBXTargetDependency section */
		151997BD1BF9431D00D7A5AD /* PBXTargetDependency */ = {
			isa = PBXTargetDependency;
			target = 151997A31BF9431D00D7A5AD /* SwiftyPushNotifications */;
			targetProxy = 151997BC1BF9431D00D7A5AD /* PBXContainerItemProxy */;
		};
		151997C81BF9431D00D7A5AD /* PBXTargetDependency */ = {
			isa = PBXTargetDependency;
			target = 151997A31BF9431D00D7A5AD /* SwiftyPushNotifications */;
			targetProxy = 151997C71BF9431D00D7A5AD /* PBXContainerItemProxy */;
		};
/* End PBXTargetDependency section */

/* Begin PBXVariantGroup section */
		151997AB1BF9431D00D7A5AD /* Main.storyboard */ = {
			isa = PBXVariantGroup;
			children = (
				151997AC1BF9431D00D7A5AD /* Base */,
			);
			name = Main.storyboard;
			sourceTree = "<group>";
		};
		151997B31BF9431D00D7A5AD /* LaunchScreen.storyboard */ = {
			isa = PBXVariantGroup;
			children = (
				151997B41BF9431D00D7A5AD /* Base */,
			);
			name = LaunchScreen.storyboard;
			sourceTree = "<group>";
		};
/* End PBXVariantGroup section */

/* Begin XCBuildConfiguration section */
		151997CD1BF9431D00D7A5AD /* Debug */ = {
			isa = XCBuildConfiguration;
			buildSettings = {
				ALWAYS_SEARCH_USER_PATHS = NO;
				CLANG_CXX_LANGUAGE_STANDARD = "gnu++0x";
				CLANG_CXX_LIBRARY = "libc++";
				CLANG_ENABLE_MODULES = YES;
				CLANG_ENABLE_OBJC_ARC = YES;
				CLANG_WARN_BOOL_CONVERSION = YES;
				CLANG_WARN_CONSTANT_CONVERSION = YES;
				CLANG_WARN_DIRECT_OBJC_ISA_USAGE = YES_ERROR;
				CLANG_WARN_EMPTY_BODY = YES;
				CLANG_WARN_ENUM_CONVERSION = YES;
				CLANG_WARN_INT_CONVERSION = YES;
				CLANG_WARN_OBJC_ROOT_CLASS = YES_ERROR;
				CLANG_WARN_UNREACHABLE_CODE = YES;
				CLANG_WARN__DUPLICATE_METHOD_MATCH = YES;
				"CODE_SIGN_IDENTITY[sdk=iphoneos*]" = "iPhone Developer";
				COPY_PHASE_STRIP = NO;
				DEBUG_INFORMATION_FORMAT = dwarf;
				ENABLE_STRICT_OBJC_MSGSEND = YES;
				ENABLE_TESTABILITY = YES;
				GCC_C_LANGUAGE_STANDARD = gnu99;
				GCC_DYNAMIC_NO_PIC = NO;
				GCC_NO_COMMON_BLOCKS = YES;
				GCC_OPTIMIZATION_LEVEL = 0;
				GCC_PREPROCESSOR_DEFINITIONS = (
					"DEBUG=1",
					"$(inherited)",
				);
				GCC_WARN_64_TO_32_BIT_CONVERSION = YES;
				GCC_WARN_ABOUT_RETURN_TYPE = YES_ERROR;
				GCC_WARN_UNDECLARED_SELECTOR = YES;
				GCC_WARN_UNINITIALIZED_AUTOS = YES_AGGRESSIVE;
				GCC_WARN_UNUSED_FUNCTION = YES;
				GCC_WARN_UNUSED_VARIABLE = YES;
				IPHONEOS_DEPLOYMENT_TARGET = 9.1;
				MTL_ENABLE_DEBUG_INFO = YES;
				ONLY_ACTIVE_ARCH = YES;
				SDKROOT = iphoneos;
				SWIFT_OPTIMIZATION_LEVEL = "-Onone";
			};
			name = Debug;
		};
		151997CE1BF9431D00D7A5AD /* Release */ = {
			isa = XCBuildConfiguration;
			buildSettings = {
				ALWAYS_SEARCH_USER_PATHS = NO;
				CLANG_CXX_LANGUAGE_STANDARD = "gnu++0x";
				CLANG_CXX_LIBRARY = "libc++";
				CLANG_ENABLE_MODULES = YES;
				CLANG_ENABLE_OBJC_ARC = YES;
				CLANG_WARN_BOOL_CONVERSION = YES;
				CLANG_WARN_CONSTANT_CONVERSION = YES;
				CLANG_WARN_DIRECT_OBJC_ISA_USAGE = YES_ERROR;
				CLANG_WARN_EMPTY_BODY = YES;
				CLANG_WARN_ENUM_CONVERSION = YES;
				CLANG_WARN_INT_CONVERSION = YES;
				CLANG_WARN_OBJC_ROOT_CLASS = YES_ERROR;
				CLANG_WARN_UNREACHABLE_CODE = YES;
				CLANG_WARN__DUPLICATE_METHOD_MATCH = YES;
				"CODE_SIGN_IDENTITY[sdk=iphoneos*]" = "iPhone Developer";
				COPY_PHASE_STRIP = NO;
				DEBUG_INFORMATION_FORMAT = "dwarf-with-dsym";
				ENABLE_NS_ASSERTIONS = NO;
				ENABLE_STRICT_OBJC_MSGSEND = YES;
				GCC_C_LANGUAGE_STANDARD = gnu99;
				GCC_NO_COMMON_BLOCKS = YES;
				GCC_WARN_64_TO_32_BIT_CONVERSION = YES;
				GCC_WARN_ABOUT_RETURN_TYPE = YES_ERROR;
				GCC_WARN_UNDECLARED_SELECTOR = YES;
				GCC_WARN_UNINITIALIZED_AUTOS = YES_AGGRESSIVE;
				GCC_WARN_UNUSED_FUNCTION = YES;
				GCC_WARN_UNUSED_VARIABLE = YES;
				IPHONEOS_DEPLOYMENT_TARGET = 9.1;
				MTL_ENABLE_DEBUG_INFO = NO;
				SDKROOT = iphoneos;
				VALIDATE_PRODUCT = YES;
			};
			name = Release;
		};
		151997D01BF9431D00D7A5AD /* Debug */ = {
			isa = XCBuildConfiguration;
			buildSettings = {
				ASSETCATALOG_COMPILER_APPICON_NAME = AppIcon;
				INFOPLIST_FILE = SwiftyPushNotifications/Info.plist;
				LD_RUNPATH_SEARCH_PATHS = "$(inherited) @executable_path/Frameworks";
				PRODUCT_BUNDLE_IDENTIFIER = com.Appirio.SwiftyPushNotifications;
				PRODUCT_NAME = "$(TARGET_NAME)";
			};
			name = Debug;
		};
		151997D11BF9431D00D7A5AD /* Release */ = {
			isa = XCBuildConfiguration;
			buildSettings = {
				ASSETCATALOG_COMPILER_APPICON_NAME = AppIcon;
				INFOPLIST_FILE = SwiftyPushNotifications/Info.plist;
				LD_RUNPATH_SEARCH_PATHS = "$(inherited) @executable_path/Frameworks";
				PRODUCT_BUNDLE_IDENTIFIER = com.Appirio.SwiftyPushNotifications;
				PRODUCT_NAME = "$(TARGET_NAME)";
			};
			name = Release;
		};
		151997D31BF9431D00D7A5AD /* Debug */ = {
			isa = XCBuildConfiguration;
			buildSettings = {
				BUNDLE_LOADER = "$(TEST_HOST)";
				INFOPLIST_FILE = SwiftyPushNotificationsTests/Info.plist;
				LD_RUNPATH_SEARCH_PATHS = "$(inherited) @executable_path/Frameworks @loader_path/Frameworks";
				PRODUCT_BUNDLE_IDENTIFIER = com.Appirio.SwiftyPushNotificationsTests;
				PRODUCT_NAME = "$(TARGET_NAME)";
				TEST_HOST = "$(BUILT_PRODUCTS_DIR)/SwiftyPushNotifications.app/SwiftyPushNotifications";
			};
			name = Debug;
		};
		151997D41BF9431D00D7A5AD /* Release */ = {
			isa = XCBuildConfiguration;
			buildSettings = {
				BUNDLE_LOADER = "$(TEST_HOST)";
				INFOPLIST_FILE = SwiftyPushNotificationsTests/Info.plist;
				LD_RUNPATH_SEARCH_PATHS = "$(inherited) @executable_path/Frameworks @loader_path/Frameworks";
				PRODUCT_BUNDLE_IDENTIFIER = com.Appirio.SwiftyPushNotificationsTests;
				PRODUCT_NAME = "$(TARGET_NAME)";
				TEST_HOST = "$(BUILT_PRODUCTS_DIR)/SwiftyPushNotifications.app/SwiftyPushNotifications";
			};
			name = Release;
		};
		151997D61BF9431D00D7A5AD /* Debug */ = {
			isa = XCBuildConfiguration;
			buildSettings = {
				INFOPLIST_FILE = SwiftyPushNotificationsUITests/Info.plist;
				LD_RUNPATH_SEARCH_PATHS = "$(inherited) @executable_path/Frameworks @loader_path/Frameworks";
				PRODUCT_BUNDLE_IDENTIFIER = com.Appirio.SwiftyPushNotificationsUITests;
				PRODUCT_NAME = "$(TARGET_NAME)";
				TEST_TARGET_NAME = SwiftyPushNotifications;
				USES_XCTRUNNER = YES;
			};
			name = Debug;
		};
		151997D71BF9431D00D7A5AD /* Release */ = {
			isa = XCBuildConfiguration;
			buildSettings = {
				INFOPLIST_FILE = SwiftyPushNotificationsUITests/Info.plist;
				LD_RUNPATH_SEARCH_PATHS = "$(inherited) @executable_path/Frameworks @loader_path/Frameworks";
				PRODUCT_BUNDLE_IDENTIFIER = com.Appirio.SwiftyPushNotificationsUITests;
				PRODUCT_NAME = "$(TARGET_NAME)";
				TEST_TARGET_NAME = SwiftyPushNotifications;
				USES_XCTRUNNER = YES;
			};
			name = Release;
		};
/* End XCBuildConfiguration section */

/* Begin XCConfigurationList section */
		1519979F1BF9431D00D7A5AD /* Build configuration list for PBXProject "SwiftyPushNotifications" */ = {
			isa = XCConfigurationList;
			buildConfigurations = (
				151997CD1BF9431D00D7A5AD /* Debug */,
				151997CE1BF9431D00D7A5AD /* Release */,
			);
			defaultConfigurationIsVisible = 0;
			defaultConfigurationName = Release;
		};
		151997CF1BF9431D00D7A5AD /* Build configuration list for PBXNativeTarget "SwiftyPushNotifications" */ = {
			isa = XCConfigurationList;
			buildConfigurations = (
				151997D01BF9431D00D7A5AD /* Debug */,
				151997D11BF9431D00D7A5AD /* Release */,
			);
			defaultConfigurationIsVisible = 0;
		};
		151997D21BF9431D00D7A5AD /* Build configuration list for PBXNativeTarget "SwiftyPushNotificationsTests" */ = {
			isa = XCConfigurationList;
			buildConfigurations = (
				151997D31BF9431D00D7A5AD /* Debug */,
				151997D41BF9431D00D7A5AD /* Release */,
			);
			defaultConfigurationIsVisible = 0;
		};
		151997D51BF9431D00D7A5AD /* Build configuration list for PBXNativeTarget "SwiftyPushNotificationsUITests" */ = {
			isa = XCConfigurationList;
			buildConfigurations = (
				151997D61BF9431D00D7A5AD /* Debug */,
				151997D71BF9431D00D7A5AD /* Release */,
			);
			defaultConfigurationIsVisible = 0;
		};
/* End XCConfigurationList section */

/* Begin XCVersionGroup section */
		151997AE1BF9431D00D7A5AD /* SwiftyPushNotifications.xcdatamodeld */ = {
			isa = XCVersionGroup;
			children = (
				151997AF1BF9431D00D7A5AD /* SwiftyPushNotifications.xcdatamodel */,
			);
			currentVersion = 151997AF1BF9431D00D7A5AD /* SwiftyPushNotifications.xcdatamodel */;
			path = SwiftyPushNotifications.xcdatamodeld;
			sourceTree = "<group>";
			versionGroupType = wrapper.xcdatamodel;
		};
/* End XCVersionGroup section */
	};
	rootObject = 1519979C1BF9431D00D7A5AD /* Project object */;
}
